// !$*UTF8*$!
{
	archiveVersion = 1;
	classes = {
	};
	objectVersion = 56;
	objects = {

/* Begin PBXBuildFile section */
		222BC9D12C4C3A91009FFD60 /* 4-Gradient.swift in Sources */ = {isa = PBXBuildFile; fileRef = 222BC9D02C4C3A91009FFD60 /* 4-Gradient.swift */; };
		222BC9D32C4C3EBB009FFD60 /* 5-Icons.swift in Sources */ = {isa = PBXBuildFile; fileRef = 222BC9D22C4C3EBB009FFD60 /* 5-Icons.swift */; };
		226F00AB2C4CFBD300E36CD4 /* 6-Image.swift in Sources */ = {isa = PBXBuildFile; fileRef = 226F00AA2C4CFBD300E36CD4 /* 6-Image.swift */; };
		226F00AD2C4CFEC700E36CD4 /* 7-frames.swift in Sources */ = {isa = PBXBuildFile; fileRef = 226F00AC2C4CFEC700E36CD4 /* 7-frames.swift */; };
		226F00AF2C4D01B900E36CD4 /* 8-bg&overlays.swift in Sources */ = {isa = PBXBuildFile; fileRef = 226F00AE2C4D01B900E36CD4 /* 8-bg&overlays.swift */; };
		226F00B12C4D76D000E36CD4 /* 9-stacks.swift in Sources */ = {isa = PBXBuildFile; fileRef = 226F00B02C4D76D000E36CD4 /* 9-stacks.swift */; };
		226F00B32C4D831C00E36CD4 /* 10-padding.swift in Sources */ = {isa = PBXBuildFile; fileRef = 226F00B22C4D831C00E36CD4 /* 10-padding.swift */; };
		22C45E782C482013001E3020 /* Shapes-2.swift in Sources */ = {isa = PBXBuildFile; fileRef = 22C45E772C482013001E3020 /* Shapes-2.swift */; };
		22C45E7A2C482885001E3020 /* 3-colors.swift in Sources */ = {isa = PBXBuildFile; fileRef = 22C45E792C482885001E3020 /* 3-colors.swift */; };
		22F6DC152C46D35200C0A370 /* swiftui_1App.swift in Sources */ = {isa = PBXBuildFile; fileRef = 22F6DC142C46D35200C0A370 /* swiftui_1App.swift */; };
		22F6DC172C46D35200C0A370 /* ContentView.swift in Sources */ = {isa = PBXBuildFile; fileRef = 22F6DC162C46D35200C0A370 /* ContentView.swift */; };
		22F6DC192C46D35300C0A370 /* Assets.xcassets in Resources */ = {isa = PBXBuildFile; fileRef = 22F6DC182C46D35300C0A370 /* Assets.xcassets */; };
		22F6DC1C2C46D35300C0A370 /* Preview Assets.xcassets in Resources */ = {isa = PBXBuildFile; fileRef = 22F6DC1B2C46D35300C0A370 /* Preview Assets.xcassets */; };
		22F6DC232C46D7D500C0A370 /* testview.swift in Sources */ = {isa = PBXBuildFile; fileRef = 22F6DC222C46D7D500C0A370 /* testview.swift */; };
/* End PBXBuildFile section */

/* Begin PBXFileReference section */
		222BC9D02C4C3A91009FFD60 /* 4-Gradient.swift */ = {isa = PBXFileReference; lastKnownFileType = sourcecode.swift; path = "4-Gradient.swift"; sourceTree = "<group>"; };
		222BC9D22C4C3EBB009FFD60 /* 5-Icons.swift */ = {isa = PBXFileReference; lastKnownFileType = sourcecode.swift; path = "5-Icons.swift"; sourceTree = "<group>"; };
		226F00AA2C4CFBD300E36CD4 /* 6-Image.swift */ = {isa = PBXFileReference; lastKnownFileType = sourcecode.swift; path = "6-Image.swift"; sourceTree = "<group>"; };
		226F00AC2C4CFEC700E36CD4 /* 7-frames.swift */ = {isa = PBXFileReference; lastKnownFileType = sourcecode.swift; path = "7-frames.swift"; sourceTree = "<group>"; };
		226F00AE2C4D01B900E36CD4 /* 8-bg&overlays.swift */ = {isa = PBXFileReference; lastKnownFileType = sourcecode.swift; path = "8-bg&overlays.swift"; sourceTree = "<group>"; };
		226F00B02C4D76D000E36CD4 /* 9-stacks.swift */ = {isa = PBXFileReference; lastKnownFileType = sourcecode.swift; path = "9-stacks.swift"; sourceTree = "<group>"; };
		226F00B22C4D831C00E36CD4 /* 10-padding.swift */ = {isa = PBXFileReference; lastKnownFileType = sourcecode.swift; path = "10-padding.swift"; sourceTree = "<group>"; };
		22C45E772C482013001E3020 /* Shapes-2.swift */ = {isa = PBXFileReference; lastKnownFileType = sourcecode.swift; path = "Shapes-2.swift"; sourceTree = "<group>"; };
		22C45E792C482885001E3020 /* 3-colors.swift */ = {isa = PBXFileReference; lastKnownFileType = sourcecode.swift; path = "3-colors.swift"; sourceTree = "<group>"; };
		22F6DC112C46D35200C0A370 /* swiftui-1.app */ = {isa = PBXFileReference; explicitFileType = wrapper.application; includeInIndex = 0; path = "swiftui-1.app"; sourceTree = BUILT_PRODUCTS_DIR; };
		22F6DC142C46D35200C0A370 /* swiftui_1App.swift */ = {isa = PBXFileReference; lastKnownFileType = sourcecode.swift; path = swiftui_1App.swift; sourceTree = "<group>"; };
		22F6DC162C46D35200C0A370 /* ContentView.swift */ = {isa = PBXFileReference; lastKnownFileType = sourcecode.swift; path = ContentView.swift; sourceTree = "<group>"; };
		22F6DC182C46D35300C0A370 /* Assets.xcassets */ = {isa = PBXFileReference; lastKnownFileType = folder.assetcatalog; path = Assets.xcassets; sourceTree = "<group>"; };
		22F6DC1B2C46D35300C0A370 /* Preview Assets.xcassets */ = {isa = PBXFileReference; lastKnownFileType = folder.assetcatalog; path = "Preview Assets.xcassets"; sourceTree = "<group>"; };
		22F6DC222C46D7D500C0A370 /* testview.swift */ = {isa = PBXFileReference; lastKnownFileType = sourcecode.swift; path = testview.swift; sourceTree = "<group>"; };
/* End PBXFileReference section */

/* Begin PBXFrameworksBuildPhase section */
		22F6DC0E2C46D35200C0A370 /* Frameworks */ = {
			isa = PBXFrameworksBuildPhase;
			buildActionMask = 2147483647;
			files = (
			);
			runOnlyForDeploymentPostprocessing = 0;
		};
/* End PBXFrameworksBuildPhase section */

/* Begin PBXGroup section */
		22F6DC082C46D35200C0A370 = {
			isa = PBXGroup;
			children = (
				22F6DC132C46D35200C0A370 /* swiftui-1 */,
				22F6DC122C46D35200C0A370 /* Products */,
			);
			sourceTree = "<group>";
		};
		22F6DC122C46D35200C0A370 /* Products */ = {
			isa = PBXGroup;
			children = (
				22F6DC112C46D35200C0A370 /* swiftui-1.app */,
			);
			name = Products;
			sourceTree = "<group>";
		};
		22F6DC132C46D35200C0A370 /* swiftui-1 */ = {
			isa = PBXGroup;
			children = (
				22F6DC142C46D35200C0A370 /* swiftui_1App.swift */,
				22F6DC162C46D35200C0A370 /* ContentView.swift */,
				22F6DC182C46D35300C0A370 /* Assets.xcassets */,
				22F6DC1A2C46D35300C0A370 /* Preview Content */,
				22F6DC222C46D7D500C0A370 /* testview.swift */,
				22C45E772C482013001E3020 /* Shapes-2.swift */,
				22C45E792C482885001E3020 /* 3-colors.swift */,
				222BC9D02C4C3A91009FFD60 /* 4-Gradient.swift */,
				222BC9D22C4C3EBB009FFD60 /* 5-Icons.swift */,
				226F00AA2C4CFBD300E36CD4 /* 6-Image.swift */,
				226F00AC2C4CFEC700E36CD4 /* 7-frames.swift */,
				226F00AE2C4D01B900E36CD4 /* 8-bg&overlays.swift */,
				226F00B02C4D76D000E36CD4 /* 9-stacks.swift */,
				226F00B22C4D831C00E36CD4 /* 10-padding.swift */,
			);
			path = "swiftui-1";
			sourceTree = "<group>";
		};
		22F6DC1A2C46D35300C0A370 /* Preview Content */ = {
			isa = PBXGroup;
			children = (
				22F6DC1B2C46D35300C0A370 /* Preview Assets.xcassets */,
			);
			path = "Preview Content";
			sourceTree = "<group>";
		};
/* End PBXGroup section */

/* Begin PBXNativeTarget section */
		22F6DC102C46D35200C0A370 /* swiftui-1 */ = {
			isa = PBXNativeTarget;
			buildConfigurationList = 22F6DC1F2C46D35300C0A370 /* Build configuration list for PBXNativeTarget "swiftui-1" */;
			buildPhases = (
				22F6DC0D2C46D35200C0A370 /* Sources */,
				22F6DC0E2C46D35200C0A370 /* Frameworks */,
				22F6DC0F2C46D35200C0A370 /* Resources */,
			);
			buildRules = (
			);
			dependencies = (
			);
			name = "swiftui-1";
			productName = "swiftui-1";
			productReference = 22F6DC112C46D35200C0A370 /* swiftui-1.app */;
			productType = "com.apple.product-type.application";
		};
/* End PBXNativeTarget section */

/* Begin PBXProject section */
		22F6DC092C46D35200C0A370 /* Project object */ = {
			isa = PBXProject;
			attributes = {
				BuildIndependentTargetsInParallel = 1;
				LastSwiftUpdateCheck = 1540;
				LastUpgradeCheck = 1540;
				TargetAttributes = {
					22F6DC102C46D35200C0A370 = {
						CreatedOnToolsVersion = 15.4;
					};
				};
			};
			buildConfigurationList = 22F6DC0C2C46D35200C0A370 /* Build configuration list for PBXProject "swiftui-1" */;
			compatibilityVersion = "Xcode 14.0";
			developmentRegion = en;
			hasScannedForEncodings = 0;
			knownRegions = (
				en,
				Base,
			);
			mainGroup = 22F6DC082C46D35200C0A370;
			productRefGroup = 22F6DC122C46D35200C0A370 /* Products */;
			projectDirPath = "";
			projectRoot = "";
			targets = (
				22F6DC102C46D35200C0A370 /* swiftui-1 */,
			);
		};
/* End PBXProject section */

/* Begin PBXResourcesBuildPhase section */
		22F6DC0F2C46D35200C0A370 /* Resources */ = {
			isa = PBXResourcesBuildPhase;
			buildActionMask = 2147483647;
			files = (
				22F6DC1C2C46D35300C0A370 /* Preview Assets.xcassets in Resources */,
				22F6DC192C46D35300C0A370 /* Assets.xcassets in Resources */,
			);
			runOnlyForDeploymentPostprocessing = 0;
		};
/* End PBXResourcesBuildPhase section */

/* Begin PBXSourcesBuildPhase section */
		22F6DC0D2C46D35200C0A370 /* Sources */ = {
			isa = PBXSourcesBuildPhase;
			buildActionMask = 2147483647;
			files = (
				226F00B32C4D831C00E36CD4 /* 10-padding.swift in Sources */,
				222BC9D32C4C3EBB009FFD60 /* 5-Icons.swift in Sources */,
				226F00B12C4D76D000E36CD4 /* 9-stacks.swift in Sources */,
				222BC9D12C4C3A91009FFD60 /* 4-Gradient.swift in Sources */,
				22C45E782C482013001E3020 /* Shapes-2.swift in Sources */,
				22F6DC172C46D35200C0A370 /* ContentView.swift in Sources */,
				22F6DC232C46D7D500C0A370 /* testview.swift in Sources */,
				22F6DC152C46D35200C0A370 /* swiftui_1App.swift in Sources */,
				226F00AD2C4CFEC700E36CD4 /* 7-frames.swift in Sources */,
				226F00AB2C4CFBD300E36CD4 /* 6-Image.swift in Sources */,
				22C45E7A2C482885001E3020 /* 3-colors.swift in Sources */,
				226F00AF2C4D01B900E36CD4 /* 8-bg&overlays.swift in Sources */,
			);
			runOnlyForDeploymentPostprocessing = 0;
		};
/* End PBXSourcesBuildPhase section */

/* Begin XCBuildConfiguration section */
		22F6DC1D2C46D35300C0A370 /* Debug */ = {
			isa = XCBuildConfiguration;
			buildSettings = {
				ALWAYS_SEARCH_USER_PATHS = NO;
				ASSETCATALOG_COMPILER_GENERATE_SWIFT_ASSET_SYMBOL_EXTENSIONS = YES;
				CLANG_ANALYZER_NONNULL = YES;
				CLANG_ANALYZER_NUMBER_OBJECT_CONVERSION = YES_AGGRESSIVE;
				CLANG_CXX_LANGUAGE_STANDARD = "gnu++20";
				CLANG_ENABLE_MODULES = YES;
				CLANG_ENABLE_OBJC_ARC = YES;
				CLANG_ENABLE_OBJC_WEAK = YES;
				CLANG_WARN_BLOCK_CAPTURE_AUTORELEASING = YES;
				CLANG_WARN_BOOL_CONVERSION = YES;
				CLANG_WARN_COMMA = YES;
				CLANG_WARN_CONSTANT_CONVERSION = YES;
				CLANG_WARN_DEPRECATED_OBJC_IMPLEMENTATIONS = YES;
				CLANG_WARN_DIRECT_OBJC_ISA_USAGE = YES_ERROR;
				CLANG_WARN_DOCUMENTATION_COMMENTS = YES;
				CLANG_WARN_EMPTY_BODY = YES;
				CLANG_WARN_ENUM_CONVERSION = YES;
				CLANG_WARN_INFINITE_RECURSION = YES;
				CLANG_WARN_INT_CONVERSION = YES;
				CLANG_WARN_NON_LITERAL_NULL_CONVERSION = YES;
				CLANG_WARN_OBJC_IMPLICIT_RETAIN_SELF = YES;
				CLANG_WARN_OBJC_LITERAL_CONVERSION = YES;
				CLANG_WARN_OBJC_ROOT_CLASS = YES_ERROR;
				CLANG_WARN_QUOTED_INCLUDE_IN_FRAMEWORK_HEADER = YES;
				CLANG_WARN_RANGE_LOOP_ANALYSIS = YES;
				CLANG_WARN_STRICT_PROTOTYPES = YES;
				CLANG_WARN_SUSPICIOUS_MOVE = YES;
				CLANG_WARN_UNGUARDED_AVAILABILITY = YES_AGGRESSIVE;
				CLANG_WARN_UNREACHABLE_CODE = YES;
				CLANG_WARN__DUPLICATE_METHOD_MATCH = YES;
				COPY_PHASE_STRIP = NO;
				DEBUG_INFORMATION_FORMAT = dwarf;
				ENABLE_STRICT_OBJC_MSGSEND = YES;
				ENABLE_TESTABILITY = YES;
				ENABLE_USER_SCRIPT_SANDBOXING = YES;
				GCC_C_LANGUAGE_STANDARD = gnu17;
				GCC_DYNAMIC_NO_PIC = NO;
				GCC_NO_COMMON_BLOCKS = YES;
				GCC_OPTIMIZATION_LEVEL = 0;
				GCC_PREPROCESSOR_DEFINITIONS = (
					"DEBUG=1",
					"$(inherited)",
				);
				GCC_WARN_64_TO_32_BIT_CONVERSION = YES;
				GCC_WARN_ABOUT_RETURN_TYPE = YES_ERROR;
				GCC_WARN_UNDECLARED_SELECTOR = YES;
				GCC_WARN_UNINITIALIZED_AUTOS = YES_AGGRESSIVE;
				GCC_WARN_UNUSED_FUNCTION = YES;
				GCC_WARN_UNUSED_VARIABLE = YES;
				IPHONEOS_DEPLOYMENT_TARGET = 17.5;
				LOCALIZATION_PREFERS_STRING_CATALOGS = YES;
				MTL_ENABLE_DEBUG_INFO = INCLUDE_SOURCE;
				MTL_FAST_MATH = YES;
				ONLY_ACTIVE_ARCH = YES;
				SDKROOT = iphoneos;
				SWIFT_ACTIVE_COMPILATION_CONDITIONS = "DEBUG $(inherited)";
				SWIFT_OPTIMIZATION_LEVEL = "-Onone";
			};
			name = Debug;
		};
		22F6DC1E2C46D35300C0A370 /* Release */ = {
			isa = XCBuildConfiguration;
			buildSettings = {
				ALWAYS_SEARCH_USER_PATHS = NO;
				ASSETCATALOG_COMPILER_GENERATE_SWIFT_ASSET_SYMBOL_EXTENSIONS = YES;
				CLANG_ANALYZER_NONNULL = YES;
				CLANG_ANALYZER_NUMBER_OBJECT_CONVERSION = YES_AGGRESSIVE;
				CLANG_CXX_LANGUAGE_STANDARD = "gnu++20";
				CLANG_ENABLE_MODULES = YES;
				CLANG_ENABLE_OBJC_ARC = YES;
				CLANG_ENABLE_OBJC_WEAK = YES;
				CLANG_WARN_BLOCK_CAPTURE_AUTORELEASING = YES;
				CLANG_WARN_BOOL_CONVERSION = YES;
				CLANG_WARN_COMMA = YES;
				CLANG_WARN_CONSTANT_CONVERSION = YES;
				CLANG_WARN_DEPRECATED_OBJC_IMPLEMENTATIONS = YES;
				CLANG_WARN_DIRECT_OBJC_ISA_USAGE = YES_ERROR;
				CLANG_WARN_DOCUMENTATION_COMMENTS = YES;
				CLANG_WARN_EMPTY_BODY = YES;
				CLANG_WARN_ENUM_CONVERSION = YES;
				CLANG_WARN_INFINITE_RECURSION = YES;
				CLANG_WARN_INT_CONVERSION = YES;
				CLANG_WARN_NON_LITERAL_NULL_CONVERSION = YES;
				CLANG_WARN_OBJC_IMPLICIT_RETAIN_SELF = YES;
				CLANG_WARN_OBJC_LITERAL_CONVERSION = YES;
				CLANG_WARN_OBJC_ROOT_CLASS = YES_ERROR;
				CLANG_WARN_QUOTED_INCLUDE_IN_FRAMEWORK_HEADER = YES;
				CLANG_WARN_RANGE_LOOP_ANALYSIS = YES;
				CLANG_WARN_STRICT_PROTOTYPES = YES;
				CLANG_WARN_SUSPICIOUS_MOVE = YES;
				CLANG_WARN_UNGUARDED_AVAILABILITY = YES_AGGRESSIVE;
				CLANG_WARN_UNREACHABLE_CODE = YES;
				CLANG_WARN__DUPLICATE_METHOD_MATCH = YES;
				COPY_PHASE_STRIP = NO;
				DEBUG_INFORMATION_FORMAT = "dwarf-with-dsym";
				ENABLE_NS_ASSERTIONS = NO;
				ENABLE_STRICT_OBJC_MSGSEND = YES;
				ENABLE_USER_SCRIPT_SANDBOXING = YES;
				GCC_C_LANGUAGE_STANDARD = gnu17;
				GCC_NO_COMMON_BLOCKS = YES;
				GCC_WARN_64_TO_32_BIT_CONVERSION = YES;
				GCC_WARN_ABOUT_RETURN_TYPE = YES_ERROR;
				GCC_WARN_UNDECLARED_SELECTOR = YES;
				GCC_WARN_UNINITIALIZED_AUTOS = YES_AGGRESSIVE;
				GCC_WARN_UNUSED_FUNCTION = YES;
				GCC_WARN_UNUSED_VARIABLE = YES;
				IPHONEOS_DEPLOYMENT_TARGET = 17.5;
				LOCALIZATION_PREFERS_STRING_CATALOGS = YES;
				MTL_ENABLE_DEBUG_INFO = NO;
				MTL_FAST_MATH = YES;
				SDKROOT = iphoneos;
				SWIFT_COMPILATION_MODE = wholemodule;
				VALIDATE_PRODUCT = YES;
			};
			name = Release;
		};
		22F6DC202C46D35300C0A370 /* Debug */ = {
			isa = XCBuildConfiguration;
			buildSettings = {
				ASSETCATALOG_COMPILER_APPICON_NAME = AppIcon;
				ASSETCATALOG_COMPILER_GLOBAL_ACCENT_COLOR_NAME = AccentColor;
				CODE_SIGN_STYLE = Automatic;
				CURRENT_PROJECT_VERSION = 1;
				DEVELOPMENT_ASSET_PATHS = "\"swiftui-1/Preview Content\"";
				DEVELOPMENT_TEAM = V6J3RTT4D3;
				ENABLE_PREVIEWS = YES;
				GENERATE_INFOPLIST_FILE = YES;
				INFOPLIST_KEY_UIApplicationSceneManifest_Generation = YES;
				INFOPLIST_KEY_UIApplicationSupportsIndirectInputEvents = YES;
				INFOPLIST_KEY_UILaunchScreen_Generation = YES;
				INFOPLIST_KEY_UISupportedInterfaceOrientations_iPad = "UIInterfaceOrientationPortrait UIInterfaceOrientationPortraitUpsideDown UIInterfaceOrientationLandscapeLeft UIInterfaceOrientationLandscapeRight";
				INFOPLIST_KEY_UISupportedInterfaceOrientations_iPhone = "UIInterfaceOrientationPortrait UIInterfaceOrientationLandscapeLeft UIInterfaceOrientationLandscapeRight";
				IPHONEOS_DEPLOYMENT_TARGET = 16.0;
				LD_RUNPATH_SEARCH_PATHS = (
					"$(inherited)",
					"@executable_path/Frameworks",
				);
				MARKETING_VERSION = 1.0;
				PRODUCT_BUNDLE_IDENTIFIER = "com.binary.swiftui-1";
				PRODUCT_NAME = "$(TARGET_NAME)";
				SWIFT_EMIT_LOC_STRINGS = YES;
				SWIFT_VERSION = 5.0;
				TARGETED_DEVICE_FAMILY = "1,2";
			};
			name = Debug;
		};
		22F6DC212C46D35300C0A370 /* Release */ = {
			isa = XCBuildConfiguration;
			buildSettings = {
				ASSETCATALOG_COMPILER_APPICON_NAME = AppIcon;
				ASSETCATALOG_COMPILER_GLOBAL_ACCENT_COLOR_NAME = AccentColor;
				CODE_SIGN_STYLE = Automatic;
				CURRENT_PROJECT_VERSION = 1;
				DEVELOPMENT_ASSET_PATHS = "\"swiftui-1/Preview Content\"";
				DEVELOPMENT_TEAM = V6J3RTT4D3;
				ENABLE_PREVIEWS = YES;
				GENERATE_INFOPLIST_FILE = YES;
				INFOPLIST_KEY_UIApplicationSceneManifest_Generation = YES;
				INFOPLIST_KEY_UIApplicationSupportsIndirectInputEvents = YES;
				INFOPLIST_KEY_UILaunchScreen_Generation = YES;
				INFOPLIST_KEY_UISupportedInterfaceOrientations_iPad = "UIInterfaceOrientationPortrait UIInterfaceOrientationPortraitUpsideDown UIInterfaceOrientationLandscapeLeft UIInterfaceOrientationLandscapeRight";
				INFOPLIST_KEY_UISupportedInterfaceOrientations_iPhone = "UIInterfaceOrientationPortrait UIInterfaceOrientationLandscapeLeft UIInterfaceOrientationLandscapeRight";
				IPHONEOS_DEPLOYMENT_TARGET = 16.0;
				LD_RUNPATH_SEARCH_PATHS = (
					"$(inherited)",
					"@executable_path/Frameworks",
				);
				MARKETING_VERSION = 1.0;
				PRODUCT_BUNDLE_IDENTIFIER = "com.binary.swiftui-1";
				PRODUCT_NAME = "$(TARGET_NAME)";
				SWIFT_EMIT_LOC_STRINGS = YES;
				SWIFT_VERSION = 5.0;
				TARGETED_DEVICE_FAMILY = "1,2";
			};
			name = Release;
		};
/* End XCBuildConfiguration section */

/* Begin XCConfigurationList section */
		22F6DC0C2C46D35200C0A370 /* Build configuration list for PBXProject "swiftui-1" */ = {
			isa = XCConfigurationList;
			buildConfigurations = (
				22F6DC1D2C46D35300C0A370 /* Debug */,
				22F6DC1E2C46D35300C0A370 /* Release */,
			);
			defaultConfigurationIsVisible = 0;
			defaultConfigurationName = Release;
		};
		22F6DC1F2C46D35300C0A370 /* Build configuration list for PBXNativeTarget "swiftui-1" */ = {
			isa = XCConfigurationList;
			buildConfigurations = (
				22F6DC202C46D35300C0A370 /* Debug */,
				22F6DC212C46D35300C0A370 /* Release */,
			);
			defaultConfigurationIsVisible = 0;
			defaultConfigurationName = Release;
		};
/* End XCConfigurationList section */
	};
	rootObject = 22F6DC092C46D35200C0A370 /* Project object */;
}
